{
    "_readme": [
        "This file locks the dependencies of your project to a known state",
        "Read more about it at https://getcomposer.org/doc/01-basic-usage.md#composer-lock-the-lock-file",
        "This file is @generated automatically"
    ],
    "hash": "391a0efb124a98fb6fd56a4774f280d7",
    "content-hash": "c4b6f7270e84f139f39d60aa5b50c3d7",
    "packages": [
        {
            "name": "ably/ably-php",
            "version": "0.9.0",
            "source": {
                "type": "git",
                "url": "https://github.com/ably/ably-php.git",
                "reference": "de6aa54c154459bc21d64a4e2e1cb20f32acbddd"
            },
            "dist": {
                "type": "zip",
                "url": "https://api.github.com/repos/ably/ably-php/zipball/de6aa54c154459bc21d64a4e2e1cb20f32acbddd",
                "reference": "de6aa54c154459bc21d64a4e2e1cb20f32acbddd",
                "shasum": ""
            },
            "require": {
                "ext-curl": "*",
                "ext-json": "*",
                "ext-openssl": "*",
                "php": ">=5.4"
            },
            "require-dev": {
                "phpunit/phpunit": ">=4.5"
            },
            "type": "library",
            "autoload": {
                "psr-4": {
                    "Ably\\": "src/"
                }
            },
            "notification-url": "https://packagist.org/downloads/",
            "license": [
                "Apache-2.0"
            ],
            "authors": [
                {
                    "name": "Ably",
                    "email": "support@ably.io"
                }
            ],
            "description": "Ably REST client library for PHP.",
            "homepage": "https://www.ably.io/",
            "keywords": [
                "ably",
                "messages",
                "messaging"
            ],
            "time": "2016-08-12 14:25:32"
        }
    ],
    "packages-dev": [],
    "aliases": [],
    "minimum-stability": "stable",
    "stability-flags": [],
    "prefer-stable": false,
    "prefer-lowest": false,
    "platform": [],
    "platform-dev": []
}
