// !$*UTF8*$!
{
	archiveVersion = 1;
	classes = {
	};
	objectVersion = 50;
	objects = {

/* Begin PBXBuildFile section */
		517783562200963600A9F895 /* AppDelegate.swift in Sources */ = {isa = PBXBuildFile; fileRef = 517783552200963600A9F895 /* AppDelegate.swift */; };
		517783582200963600A9F895 /* ViewController.swift in Sources */ = {isa = PBXBuildFile; fileRef = 517783572200963600A9F895 /* ViewController.swift */; };
		5177835B2200963600A9F895 /* Main.storyboard in Resources */ = {isa = PBXBuildFile; fileRef = 517783592200963600A9F895 /* Main.storyboard */; };
		5177835D2200963900A9F895 /* Assets.xcassets in Resources */ = {isa = PBXBuildFile; fileRef = 5177835C2200963900A9F895 /* Assets.xcassets */; };
		517783602200963900A9F895 /* LaunchScreen.storyboard in Resources */ = {isa = PBXBuildFile; fileRef = 5177835E2200963900A9F895 /* LaunchScreen.storyboard */; };
		CCAB166756869879FFD6C5FD /* Pods_testapp.framework in Frameworks */ = {isa = PBXBuildFile; fileRef = 5347A4BDF760B6F72051A21B /* Pods_testapp.framework */; };
/* End PBXBuildFile section */

/* Begin PBXFileReference section */
		180F43E09DF0F21BB40D1EEB /* Pods-testapp.release.xcconfig */ = {isa = PBXFileReference; includeInIndex = 1; lastKnownFileType = text.xcconfig; name = "Pods-testapp.release.xcconfig"; path = "Pods/Target Support Files/Pods-testapp/Pods-testapp.release.xcconfig"; sourceTree = "<group>"; };
		517783522200963600A9F895 /* testapp.app */ = {isa = PBXFileReference; explicitFileType = wrapper.application; includeInIndex = 0; path = testapp.app; sourceTree = BUILT_PRODUCTS_DIR; };
		517783552200963600A9F895 /* AppDelegate.swift */ = {isa = PBXFileReference; lastKnownFileType = sourcecode.swift; path = AppDelegate.swift; sourceTree = "<group>"; };
		517783572200963600A9F895 /* ViewController.swift */ = {isa = PBXFileReference; lastKnownFileType = sourcecode.swift; path = ViewController.swift; sourceTree = "<group>"; };
		5177835A2200963600A9F895 /* Base */ = {isa = PBXFileReference; lastKnownFileType = file.storyboard; name = Base; path = Base.lproj/Main.storyboard; sourceTree = "<group>"; };
		5177835C2200963900A9F895 /* Assets.xcassets */ = {isa = PBXFileReference; lastKnownFileType = folder.assetcatalog; path = Assets.xcassets; sourceTree = "<group>"; };
		5177835F2200963900A9F895 /* Base */ = {isa = PBXFileReference; lastKnownFileType = file.storyboard; name = Base; path = Base.lproj/LaunchScreen.storyboard; sourceTree = "<group>"; };
		517783612200963900A9F895 /* Info.plist */ = {isa = PBXFileReference; lastKnownFileType = text.plist.xml; path = Info.plist; sourceTree = "<group>"; };
		51778367220097B300A9F895 /* testapp.entitlements */ = {isa = PBXFileReference; lastKnownFileType = text.plist.entitlements; path = testapp.entitlements; sourceTree = "<group>"; };
		5347A4BDF760B6F72051A21B /* Pods_testapp.framework */ = {isa = PBXFileReference; explicitFileType = wrapper.framework; includeInIndex = 0; path = Pods_testapp.framework; sourceTree = BUILT_PRODUCTS_DIR; };
		F4EB724A96E944055DA883EA /* Pods-testapp.debug.xcconfig */ = {isa = PBXFileReference; includeInIndex = 1; lastKnownFileType = text.xcconfig; name = "Pods-testapp.debug.xcconfig"; path = "Pods/Target Support Files/Pods-testapp/Pods-testapp.debug.xcconfig"; sourceTree = "<group>"; };
/* End PBXFileReference section */

/* Begin PBXFrameworksBuildPhase section */
		5177834F2200963600A9F895 /* Frameworks */ = {
			isa = PBXFrameworksBuildPhase;
			buildActionMask = 2147483647;
			files = (
				CCAB166756869879FFD6C5FD /* Pods_testapp.framework in Frameworks */,
			);
			runOnlyForDeploymentPostprocessing = 0;
		};
/* End PBXFrameworksBuildPhase section */

/* Begin PBXGroup section */
		0340E340DB41E3D69801615D /* Frameworks */ = {
			isa = PBXGroup;
			children = (
				5347A4BDF760B6F72051A21B /* Pods_testapp.framework */,
			);
			name = Frameworks;
			sourceTree = "<group>";
		};
		517783492200963600A9F895 = {
			isa = PBXGroup;
			children = (
				517783542200963600A9F895 /* testapp */,
				517783532200963600A9F895 /* Products */,
				7FB57C4ECC89FB6E3BE087EC /* Pods */,
				0340E340DB41E3D69801615D /* Frameworks */,
			);
			sourceTree = "<group>";
		};
		517783532200963600A9F895 /* Products */ = {
			isa = PBXGroup;
			children = (
				517783522200963600A9F895 /* testapp.app */,
			);
			name = Products;
			sourceTree = "<group>";
		};
		517783542200963600A9F895 /* testapp */ = {
			isa = PBXGroup;
			children = (
				51778367220097B300A9F895 /* testapp.entitlements */,
				517783552200963600A9F895 /* AppDelegate.swift */,
				517783572200963600A9F895 /* ViewController.swift */,
				517783592200963600A9F895 /* Main.storyboard */,
				5177835C2200963900A9F895 /* Assets.xcassets */,
				5177835E2200963900A9F895 /* LaunchScreen.storyboard */,
				517783612200963900A9F895 /* Info.plist */,
			);
			path = testapp;
			sourceTree = "<group>";
		};
		7FB57C4ECC89FB6E3BE087EC /* Pods */ = {
			isa = PBXGroup;
			children = (
				F4EB724A96E944055DA883EA /* Pods-testapp.debug.xcconfig */,
				180F43E09DF0F21BB40D1EEB /* Pods-testapp.release.xcconfig */,
			);
			name = Pods;
			sourceTree = "<group>";
		};
/* End PBXGroup section */

/* Begin PBXNativeTarget section */
		517783512200963600A9F895 /* testapp */ = {
			isa = PBXNativeTarget;
			buildConfigurationList = 517783642200963900A9F895 /* Build configuration list for PBXNativeTarget "testapp" */;
			buildPhases = (
				18E37C4A7DE139A41A1E383F /* [CP] Check Pods Manifest.lock */,
				5177834E2200963600A9F895 /* Sources */,
				5177834F2200963600A9F895 /* Frameworks */,
				517783502200963600A9F895 /* Resources */,
				89AF493888D491F349BF8548 /* [CP] Embed Pods Frameworks */,
			);
			buildRules = (
			);
			dependencies = (
			);
			name = testapp;
			productName = testapp;
			productReference = 517783522200963600A9F895 /* testapp.app */;
			productType = "com.apple.product-type.application";
		};
/* End PBXNativeTarget section */

/* Begin PBXProject section */
		5177834A2200963600A9F895 /* Project object */ = {
			isa = PBXProject;
			attributes = {
				LastSwiftUpdateCheck = 1010;
				LastUpgradeCheck = 1010;
				ORGANIZATIONNAME = "Christopher Batin";
				TargetAttributes = {
					517783512200963600A9F895 = {
						CreatedOnToolsVersion = 10.1;
						SystemCapabilities = {
							com.apple.Push = {
								enabled = 1;
							};
						};
					};
				};
			};
			buildConfigurationList = 5177834D2200963600A9F895 /* Build configuration list for PBXProject "testapp" */;
			compatibilityVersion = "Xcode 9.3";
			developmentRegion = en;
			hasScannedForEncodings = 0;
			knownRegions = (
				en,
				Base,
			);
			mainGroup = 517783492200963600A9F895;
			productRefGroup = 517783532200963600A9F895 /* Products */;
			projectDirPath = "";
			projectRoot = "";
			targets = (
				517783512200963600A9F895 /* testapp */,
			);
		};
/* End PBXProject section */

/* Begin PBXResourcesBuildPhase section */
		517783502200963600A9F895 /* Resources */ = {
			isa = PBXResourcesBuildPhase;
			buildActionMask = 2147483647;
			files = (
				517783602200963900A9F895 /* LaunchScreen.storyboard in Resources */,
				5177835D2200963900A9F895 /* Assets.xcassets in Resources */,
				5177835B2200963600A9F895 /* Main.storyboard in Resources */,
			);
			runOnlyForDeploymentPostprocessing = 0;
		};
/* End PBXResourcesBuildPhase section */

/* Begin PBXShellScriptBuildPhase section */
		18E37C4A7DE139A41A1E383F /* [CP] Check Pods Manifest.lock */ = {
			isa = PBXShellScriptBuildPhase;
			buildActionMask = 2147483647;
			files = (
			);
			inputFileListPaths = (
			);
			inputPaths = (
				"${PODS_PODFILE_DIR_PATH}/Podfile.lock",
				"${PODS_ROOT}/Manifest.lock",
			);
			name = "[CP] Check Pods Manifest.lock";
			outputFileListPaths = (
			);
			outputPaths = (
				"$(DERIVED_FILE_DIR)/Pods-testapp-checkManifestLockResult.txt",
			);
			runOnlyForDeploymentPostprocessing = 0;
			shellPath = /bin/sh;
			shellScript = "diff \"${PODS_PODFILE_DIR_PATH}/Podfile.lock\" \"${PODS_ROOT}/Manifest.lock\" > /dev/null\nif [ $? != 0 ] ; then\n    # print error to STDERR\n    echo \"error: The sandbox is not in sync with the Podfile.lock. Run 'pod install' or update your CocoaPods installation.\" >&2\n    exit 1\nfi\n# This output is used by Xcode 'outputs' to avoid re-running this script phase.\necho \"SUCCESS\" > \"${SCRIPT_OUTPUT_FILE_0}\"\n";
			showEnvVarsInLog = 0;
		};
		89AF493888D491F349BF8548 /* [CP] Embed Pods Frameworks */ = {
			isa = PBXShellScriptBuildPhase;
			buildActionMask = 2147483647;
			files = (
			);
			inputFileListPaths = (
			);
			inputPaths = (
				"${SRCROOT}/Pods/Target Support Files/Pods-testapp/Pods-testapp-frameworks.sh",
				"${BUILT_PRODUCTS_DIR}/Ably/Ably.framework",
				"${BUILT_PRODUCTS_DIR}/KSCrashAblyFork/KSCrashAblyFork.framework",
				"${BUILT_PRODUCTS_DIR}/MsgPackAblyFork/MsgPackAblyFork.framework",
				"${BUILT_PRODUCTS_DIR}/SAMKeychain/SAMKeychain.framework",
				"${BUILT_PRODUCTS_DIR}/SocketRocketAblyFork/SocketRocketAblyFork.framework",
				"${BUILT_PRODUCTS_DIR}/ULID/ULID.framework",
			);
			name = "[CP] Embed Pods Frameworks";
			outputFileListPaths = (
			);
			outputPaths = (
				"${TARGET_BUILD_DIR}/${FRAMEWORKS_FOLDER_PATH}/Ably.framework",
				"${TARGET_BUILD_DIR}/${FRAMEWORKS_FOLDER_PATH}/KSCrashAblyFork.framework",
				"${TARGET_BUILD_DIR}/${FRAMEWORKS_FOLDER_PATH}/MsgPackAblyFork.framework",
				"${TARGET_BUILD_DIR}/${FRAMEWORKS_FOLDER_PATH}/SAMKeychain.framework",
				"${TARGET_BUILD_DIR}/${FRAMEWORKS_FOLDER_PATH}/SocketRocketAblyFork.framework",
				"${TARGET_BUILD_DIR}/${FRAMEWORKS_FOLDER_PATH}/ULID.framework",
			);
			runOnlyForDeploymentPostprocessing = 0;
			shellPath = /bin/sh;
			shellScript = "\"${SRCROOT}/Pods/Target Support Files/Pods-testapp/Pods-testapp-frameworks.sh\"\n";
			showEnvVarsInLog = 0;
		};
/* End PBXShellScriptBuildPhase section */

/* Begin PBXSourcesBuildPhase section */
		5177834E2200963600A9F895 /* Sources */ = {
			isa = PBXSourcesBuildPhase;
			buildActionMask = 2147483647;
			files = (
				517783582200963600A9F895 /* ViewController.swift in Sources */,
				517783562200963600A9F895 /* AppDelegate.swift in Sources */,
			);
			runOnlyForDeploymentPostprocessing = 0;
		};
/* End PBXSourcesBuildPhase section */

/* Begin PBXVariantGroup section */
		517783592200963600A9F895 /* Main.storyboard */ = {
			isa = PBXVariantGroup;
			children = (
				5177835A2200963600A9F895 /* Base */,
			);
			name = Main.storyboard;
			sourceTree = "<group>";
		};
		5177835E2200963900A9F895 /* LaunchScreen.storyboard */ = {
			isa = PBXVariantGroup;
			children = (
				5177835F2200963900A9F895 /* Base */,
			);
			name = LaunchScreen.storyboard;
			sourceTree = "<group>";
		};
/* End PBXVariantGroup section */

/* Begin XCBuildConfiguration section */
		517783622200963900A9F895 /* Debug */ = {
			isa = XCBuildConfiguration;
			buildSettings = {
				ALWAYS_SEARCH_USER_PATHS = NO;
				CLANG_ANALYZER_NONNULL = YES;
				CLANG_ANALYZER_NUMBER_OBJECT_CONVERSION = YES_AGGRESSIVE;
				CLANG_CXX_LANGUAGE_STANDARD = "gnu++14";
				CLANG_CXX_LIBRARY = "libc++";
				CLANG_ENABLE_MODULES = YES;
				CLANG_ENABLE_OBJC_ARC = YES;
				CLANG_ENABLE_OBJC_WEAK = YES;
				CLANG_WARN_BLOCK_CAPTURE_AUTORELEASING = YES;
				CLANG_WARN_BOOL_CONVERSION = YES;
				CLANG_WARN_COMMA = YES;
				CLANG_WARN_CONSTANT_CONVERSION = YES;
				CLANG_WARN_DEPRECATED_OBJC_IMPLEMENTATIONS = YES;
				CLANG_WARN_DIRECT_OBJC_ISA_USAGE = YES_ERROR;
				CLANG_WARN_DOCUMENTATION_COMMENTS = YES;
				CLANG_WARN_EMPTY_BODY = YES;
				CLANG_WARN_ENUM_CONVERSION = YES;
				CLANG_WARN_INFINITE_RECURSION = YES;
				CLANG_WARN_INT_CONVERSION = YES;
				CLANG_WARN_NON_LITERAL_NULL_CONVERSION = YES;
				CLANG_WARN_OBJC_IMPLICIT_RETAIN_SELF = YES;
				CLANG_WARN_OBJC_LITERAL_CONVERSION = YES;
				CLANG_WARN_OBJC_ROOT_CLASS = YES_ERROR;
				CLANG_WARN_RANGE_LOOP_ANALYSIS = YES;
				CLANG_WARN_STRICT_PROTOTYPES = YES;
				CLANG_WARN_SUSPICIOUS_MOVE = YES;
				CLANG_WARN_UNGUARDED_AVAILABILITY = YES_AGGRESSIVE;
				CLANG_WARN_UNREACHABLE_CODE = YES;
				CLANG_WARN__DUPLICATE_METHOD_MATCH = YES;
				CODE_SIGN_IDENTITY = "iPhone Developer";
				COPY_PHASE_STRIP = NO;
				DEBUG_INFORMATION_FORMAT = dwarf;
				ENABLE_STRICT_OBJC_MSGSEND = YES;
				ENABLE_TESTABILITY = YES;
				GCC_C_LANGUAGE_STANDARD = gnu11;
				GCC_DYNAMIC_NO_PIC = NO;
				GCC_NO_COMMON_BLOCKS = YES;
				GCC_OPTIMIZATION_LEVEL = 0;
				GCC_PREPROCESSOR_DEFINITIONS = (
					"DEBUG=1",
					"$(inherited)",
				);
				GCC_WARN_64_TO_32_BIT_CONVERSION = YES;
				GCC_WARN_ABOUT_RETURN_TYPE = YES_ERROR;
				GCC_WARN_UNDECLARED_SELECTOR = YES;
				GCC_WARN_UNINITIALIZED_AUTOS = YES_AGGRESSIVE;
				GCC_WARN_UNUSED_FUNCTION = YES;
				GCC_WARN_UNUSED_VARIABLE = YES;
				IPHONEOS_DEPLOYMENT_TARGET = 12.1;
				MTL_ENABLE_DEBUG_INFO = INCLUDE_SOURCE;
				MTL_FAST_MATH = YES;
				ONLY_ACTIVE_ARCH = YES;
				SDKROOT = iphoneos;
				SWIFT_ACTIVE_COMPILATION_CONDITIONS = DEBUG;
				SWIFT_OPTIMIZATION_LEVEL = "-Onone";
			};
			name = Debug;
		};
		517783632200963900A9F895 /* Release */ = {
			isa = XCBuildConfiguration;
			buildSettings = {
				ALWAYS_SEARCH_USER_PATHS = NO;
				CLANG_ANALYZER_NONNULL = YES;
				CLANG_ANALYZER_NUMBER_OBJECT_CONVERSION = YES_AGGRESSIVE;
				CLANG_CXX_LANGUAGE_STANDARD = "gnu++14";
				CLANG_CXX_LIBRARY = "libc++";
				CLANG_ENABLE_MODULES = YES;
				CLANG_ENABLE_OBJC_ARC = YES;
				CLANG_ENABLE_OBJC_WEAK = YES;
				CLANG_WARN_BLOCK_CAPTURE_AUTORELEASING = YES;
				CLANG_WARN_BOOL_CONVERSION = YES;
				CLANG_WARN_COMMA = YES;
				CLANG_WARN_CONSTANT_CONVERSION = YES;
				CLANG_WARN_DEPRECATED_OBJC_IMPLEMENTATIONS = YES;
				CLANG_WARN_DIRECT_OBJC_ISA_USAGE = YES_ERROR;
				CLANG_WARN_DOCUMENTATION_COMMENTS = YES;
				CLANG_WARN_EMPTY_BODY = YES;
				CLANG_WARN_ENUM_CONVERSION = YES;
				CLANG_WARN_INFINITE_RECURSION = YES;
				CLANG_WARN_INT_CONVERSION = YES;
				CLANG_WARN_NON_LITERAL_NULL_CONVERSION = YES;
				CLANG_WARN_OBJC_IMPLICIT_RETAIN_SELF = YES;
				CLANG_WARN_OBJC_LITERAL_CONVERSION = YES;
				CLANG_WARN_OBJC_ROOT_CLASS = YES_ERROR;
				CLANG_WARN_RANGE_LOOP_ANALYSIS = YES;
				CLANG_WARN_STRICT_PROTOTYPES = YES;
				CLANG_WARN_SUSPICIOUS_MOVE = YES;
				CLANG_WARN_UNGUARDED_AVAILABILITY = YES_AGGRESSIVE;
				CLANG_WARN_UNREACHABLE_CODE = YES;
				CLANG_WARN__DUPLICATE_METHOD_MATCH = YES;
				CODE_SIGN_IDENTITY = "iPhone Developer";
				COPY_PHASE_STRIP = NO;
				DEBUG_INFORMATION_FORMAT = "dwarf-with-dsym";
				ENABLE_NS_ASSERTIONS = NO;
				ENABLE_STRICT_OBJC_MSGSEND = YES;
				GCC_C_LANGUAGE_STANDARD = gnu11;
				GCC_NO_COMMON_BLOCKS = YES;
				GCC_WARN_64_TO_32_BIT_CONVERSION = YES;
				GCC_WARN_ABOUT_RETURN_TYPE = YES_ERROR;
				GCC_WARN_UNDECLARED_SELECTOR = YES;
				GCC_WARN_UNINITIALIZED_AUTOS = YES_AGGRESSIVE;
				GCC_WARN_UNUSED_FUNCTION = YES;
				GCC_WARN_UNUSED_VARIABLE = YES;
				IPHONEOS_DEPLOYMENT_TARGET = 12.1;
				MTL_ENABLE_DEBUG_INFO = NO;
				MTL_FAST_MATH = YES;
				SDKROOT = iphoneos;
				SWIFT_COMPILATION_MODE = wholemodule;
				SWIFT_OPTIMIZATION_LEVEL = "-O";
				VALIDATE_PRODUCT = YES;
			};
			name = Release;
		};
		517783652200963900A9F895 /* Debug */ = {
			isa = XCBuildConfiguration;
			baseConfigurationReference = F4EB724A96E944055DA883EA /* Pods-testapp.debug.xcconfig */;
			buildSettings = {
				ASSETCATALOG_COMPILER_APPICON_NAME = AppIcon;
				CODE_SIGN_ENTITLEMENTS = testapp/testapp.entitlements;
				CODE_SIGN_STYLE = Automatic;
				DEVELOPMENT_TEAM = 8832U97EJ9;
				INFOPLIST_FILE = testapp/Info.plist;
				LD_RUNPATH_SEARCH_PATHS = (
					"$(inherited)",
					"@executable_path/Frameworks",
				);
				PRODUCT_BUNDLE_IDENTIFIER = com.ably.testapp;
				PRODUCT_NAME = "$(TARGET_NAME)";
				SWIFT_VERSION = 4.2;
				TARGETED_DEVICE_FAMILY = "1,2";
			};
			name = Debug;
		};
		517783662200963900A9F895 /* Release */ = {
			isa = XCBuildConfiguration;
			baseConfigurationReference = 180F43E09DF0F21BB40D1EEB /* Pods-testapp.release.xcconfig */;
			buildSettings = {
				ASSETCATALOG_COMPILER_APPICON_NAME = AppIcon;
				CODE_SIGN_ENTITLEMENTS = testapp/testapp.entitlements;
				CODE_SIGN_STYLE = Automatic;
				DEVELOPMENT_TEAM = 8832U97EJ9;
				INFOPLIST_FILE = testapp/Info.plist;
				LD_RUNPATH_SEARCH_PATHS = (
					"$(inherited)",
					"@executable_path/Frameworks",
				);
				PRODUCT_BUNDLE_IDENTIFIER = com.ably.testapp;
				PRODUCT_NAME = "$(TARGET_NAME)";
				SWIFT_VERSION = 4.2;
				TARGETED_DEVICE_FAMILY = "1,2";
			};
			name = Release;
		};
/* End XCBuildConfiguration section */

/* Begin XCConfigurationList section */
		5177834D2200963600A9F895 /* Build configuration list for PBXProject "testapp" */ = {
			isa = XCConfigurationList;
			buildConfigurations = (
				517783622200963900A9F895 /* Debug */,
				517783632200963900A9F895 /* Release */,
			);
			defaultConfigurationIsVisible = 0;
			defaultConfigurationName = Release;
		};
		517783642200963900A9F895 /* Build configuration list for PBXNativeTarget "testapp" */ = {
			isa = XCConfigurationList;
			buildConfigurations = (
				517783652200963900A9F895 /* Debug */,
				517783662200963900A9F895 /* Release */,
			);
			defaultConfigurationIsVisible = 0;
			defaultConfigurationName = Release;
		};
/* End XCConfigurationList section */
	};
	rootObject = 5177834A2200963600A9F895 /* Project object */;
}
